
Microsoft Visual Studio Solution File, Format Version 12.00
# Visual Studio Version 17
VisualStudioVersion = 17.7.34024.191
MinimumVisualStudioVersion = 10.0.40219.1
Project("{FAE04EC0-301F-11D3-BF4B-00C04F79EFBC}") = "GithunDemo", "GithunDemo.csproj", "{8662A96E-4100-4E1E-ABFA-B9838DD97FE1}"
EndProject
Global
	GlobalSection(SolutionConfigurationPlatforms) = preSolution
		Debug|Any CPU = Debug|Any CPU
		Release|Any CPU = Release|Any CPU
	EndGlobalSection
	GlobalSection(ProjectConfigurationPlatforms) = postSolution
		{8662A96E-4100-4E1E-ABFA-B9838DD97FE1}.Debug|Any CPU.ActiveCfg = Debug|Any CPU
		{8662A96E-4100-4E1E-ABFA-B9838DD97FE1}.Debug|Any CPU.Build.0 = Debug|Any CPU
		{8662A96E-4100-4E1E-ABFA-B9838DD97FE1}.Release|Any CPU.ActiveCfg = Release|Any CPU
		{8662A96E-4100-4E1E-ABFA-B9838DD97FE1}.Release|Any CPU.Build.0 = Release|Any CPU
	EndGlobalSection
	GlobalSection(SolutionProperties) = preSolution
		HideSolutionNode = FALSE
	EndGlobalSection
	GlobalSection(ExtensibilityGlobals) = postSolution
		SolutionGuid = {A334008A-A949-4EFB-B981-029CD8132E4C}
	EndGlobalSection
EndGlobal
